// !$*UTF8*$!
{
	archiveVersion = 1;
	classes = {
	};
	objectVersion = 46;
	objects = {

/* Begin PBXBuildFile section */
		B19994DD1A2C87EE00F7A884 /* AppDelegate.swift in Sources */ = {isa = PBXBuildFile; fileRef = B19994DC1A2C87EE00F7A884 /* AppDelegate.swift */; };
		B19994DF1A2C87EE00F7A884 /* RootViewController.swift in Sources */ = {isa = PBXBuildFile; fileRef = B19994DE1A2C87EE00F7A884 /* RootViewController.swift */; };
		B19994E11A2C87EE00F7A884 /* DataViewController.swift in Sources */ = {isa = PBXBuildFile; fileRef = B19994E01A2C87EE00F7A884 /* DataViewController.swift */; };
		B19994E31A2C87EE00F7A884 /* ModelController.swift in Sources */ = {isa = PBXBuildFile; fileRef = B19994E21A2C87EE00F7A884 /* ModelController.swift */; };
		B19994E61A2C87EE00F7A884 /* Main.storyboard in Resources */ = {isa = PBXBuildFile; fileRef = B19994E41A2C87EE00F7A884 /* Main.storyboard */; };
		B19994E81A2C87EF00F7A884 /* Images.xcassets in Resources */ = {isa = PBXBuildFile; fileRef = B19994E71A2C87EF00F7A884 /* Images.xcassets */; };
		B19994EB1A2C87EF00F7A884 /* LaunchScreen.xib in Resources */ = {isa = PBXBuildFile; fileRef = B19994E91A2C87EF00F7A884 /* LaunchScreen.xib */; };
		B19994F71A2C87EF00F7A884 /* JHSTests.swift in Sources */ = {isa = PBXBuildFile; fileRef = B19994F61A2C87EF00F7A884 /* JHSTests.swift */; };
/* End PBXBuildFile section */

/* Begin PBXContainerItemProxy section */
		B19994F11A2C87EF00F7A884 /* PBXContainerItemProxy */ = {
			isa = PBXContainerItemProxy;
			containerPortal = B19994CF1A2C87EE00F7A884 /* Project object */;
			proxyType = 1;
			remoteGlobalIDString = B19994D61A2C87EE00F7A884;
			remoteInfo = JHS;
		};
/* End PBXContainerItemProxy section */

/* Begin PBXFileReference section */
		B19994D71A2C87EE00F7A884 /* JHS.app */ = {isa = PBXFileReference; explicitFileType = wrapper.application; includeInIndex = 0; path = JHS.app; sourceTree = BUILT_PRODUCTS_DIR; };
		B19994DB1A2C87EE00F7A884 /* Info.plist */ = {isa = PBXFileReference; lastKnownFileType = text.plist.xml; path = Info.plist; sourceTree = "<group>"; };
		B19994DC1A2C87EE00F7A884 /* AppDelegate.swift */ = {isa = PBXFileReference; lastKnownFileType = sourcecode.swift; path = AppDelegate.swift; sourceTree = "<group>"; };
		B19994DE1A2C87EE00F7A884 /* RootViewController.swift */ = {isa = PBXFileReference; lastKnownFileType = sourcecode.swift; path = RootViewController.swift; sourceTree = "<group>"; };
		B19994E01A2C87EE00F7A884 /* DataViewController.swift */ = {isa = PBXFileReference; lastKnownFileType = sourcecode.swift; path = DataViewController.swift; sourceTree = "<group>"; };
		B19994E21A2C87EE00F7A884 /* ModelController.swift */ = {isa = PBXFileReference; lastKnownFileType = sourcecode.swift; path = ModelController.swift; sourceTree = "<group>"; };
		B19994E51A2C87EE00F7A884 /* Base */ = {isa = PBXFileReference; lastKnownFileType = file.storyboard; name = Base; path = Base.lproj/Main.storyboard; sourceTree = "<group>"; };
		B19994E71A2C87EF00F7A884 /* Images.xcassets */ = {isa = PBXFileReference; lastKnownFileType = folder.assetcatalog; path = Images.xcassets; sourceTree = "<group>"; };
		B19994EA1A2C87EF00F7A884 /* Base */ = {isa = PBXFileReference; lastKnownFileType = file.xib; name = Base; path = Base.lproj/LaunchScreen.xib; sourceTree = "<group>"; };
		B19994F01A2C87EF00F7A884 /* JHSTests.xctest */ = {isa = PBXFileReference; explicitFileType = wrapper.cfbundle; includeInIndex = 0; path = JHSTests.xctest; sourceTree = BUILT_PRODUCTS_DIR; };
		B19994F51A2C87EF00F7A884 /* Info.plist */ = {isa = PBXFileReference; lastKnownFileType = text.plist.xml; path = Info.plist; sourceTree = "<group>"; };
		B19994F61A2C87EF00F7A884 /* JHSTests.swift */ = {isa = PBXFileReference; lastKnownFileType = sourcecode.swift; path = JHSTests.swift; sourceTree = "<group>"; };
/* End PBXFileReference section */

/* Begin PBXFrameworksBuildPhase section */
		B19994D41A2C87EE00F7A884 /* Frameworks */ = {
			isa = PBXFrameworksBuildPhase;
			buildActionMask = 2147483647;
			files = (
			);
			runOnlyForDeploymentPostprocessing = 0;
		};
		B19994ED1A2C87EF00F7A884 /* Frameworks */ = {
			isa = PBXFrameworksBuildPhase;
			buildActionMask = 2147483647;
			files = (
			);
			runOnlyForDeploymentPostprocessing = 0;
		};
/* End PBXFrameworksBuildPhase section */

/* Begin PBXGroup section */
		B19994CE1A2C87EE00F7A884 = {
			isa = PBXGroup;
			children = (
				B19994D91A2C87EE00F7A884 /* JHS */,
				B19994F31A2C87EF00F7A884 /* JHSTests */,
				B19994D81A2C87EE00F7A884 /* Products */,
			);
			sourceTree = "<group>";
		};
		B19994D81A2C87EE00F7A884 /* Products */ = {
			isa = PBXGroup;
			children = (
				B19994D71A2C87EE00F7A884 /* JHS.app */,
				B19994F01A2C87EF00F7A884 /* JHSTests.xctest */,
			);
			name = Products;
			sourceTree = "<group>";
		};
		B19994D91A2C87EE00F7A884 /* JHS */ = {
			isa = PBXGroup;
			children = (
				B19994DC1A2C87EE00F7A884 /* AppDelegate.swift */,
				B19994DE1A2C87EE00F7A884 /* RootViewController.swift */,
				B19994E01A2C87EE00F7A884 /* DataViewController.swift */,
				B19994E21A2C87EE00F7A884 /* ModelController.swift */,
				B19994E41A2C87EE00F7A884 /* Main.storyboard */,
				B19994E71A2C87EF00F7A884 /* Images.xcassets */,
				B19994E91A2C87EF00F7A884 /* LaunchScreen.xib */,
				B19994DA1A2C87EE00F7A884 /* Supporting Files */,
			);
			path = JHS;
			sourceTree = "<group>";
		};
		B19994DA1A2C87EE00F7A884 /* Supporting Files */ = {
			isa = PBXGroup;
			children = (
				B19994DB1A2C87EE00F7A884 /* Info.plist */,
			);
			name = "Supporting Files";
			sourceTree = "<group>";
		};
		B19994F31A2C87EF00F7A884 /* JHSTests */ = {
			isa = PBXGroup;
			children = (
				B19994F61A2C87EF00F7A884 /* JHSTests.swift */,
				B19994F41A2C87EF00F7A884 /* Supporting Files */,
			);
			path = JHSTests;
			sourceTree = "<group>";
		};
		B19994F41A2C87EF00F7A884 /* Supporting Files */ = {
			isa = PBXGroup;
			children = (
				B19994F51A2C87EF00F7A884 /* Info.plist */,
			);
			name = "Supporting Files";
			sourceTree = "<group>";
		};
/* End PBXGroup section */

/* Begin PBXNativeTarget section */
		B19994D61A2C87EE00F7A884 /* JHS */ = {
			isa = PBXNativeTarget;
			buildConfigurationList = B19994FA1A2C87EF00F7A884 /* Build configuration list for PBXNativeTarget "JHS" */;
			buildPhases = (
				B19994D31A2C87EE00F7A884 /* Sources */,
				B19994D41A2C87EE00F7A884 /* Frameworks */,
				B19994D51A2C87EE00F7A884 /* Resources */,
			);
			buildRules = (
			);
			dependencies = (
			);
			name = JHS;
			productName = JHS;
			productReference = B19994D71A2C87EE00F7A884 /* JHS.app */;
			productType = "com.apple.product-type.application";
		};
		B19994EF1A2C87EF00F7A884 /* JHSTests */ = {
			isa = PBXNativeTarget;
			buildConfigurationList = B19994FD1A2C87EF00F7A884 /* Build configuration list for PBXNativeTarget "JHSTests" */;
			buildPhases = (
				B19994EC1A2C87EF00F7A884 /* Sources */,
				B19994ED1A2C87EF00F7A884 /* Frameworks */,
				B19994EE1A2C87EF00F7A884 /* Resources */,
			);
			buildRules = (
			);
			dependencies = (
				B19994F21A2C87EF00F7A884 /* PBXTargetDependency */,
			);
			name = JHSTests;
			productName = JHSTests;
			productReference = B19994F01A2C87EF00F7A884 /* JHSTests.xctest */;
			productType = "com.apple.product-type.bundle.unit-test";
		};
/* End PBXNativeTarget section */

/* Begin PBXProject section */
		B19994CF1A2C87EE00F7A884 /* Project object */ = {
			isa = PBXProject;
			attributes = {
				LastUpgradeCheck = 0610;
				ORGANIZATIONNAME = "Aaron Farr";
				TargetAttributes = {
					B19994D61A2C87EE00F7A884 = {
						CreatedOnToolsVersion = 6.1;
					};
					B19994EF1A2C87EF00F7A884 = {
						CreatedOnToolsVersion = 6.1;
						TestTargetID = B19994D61A2C87EE00F7A884;
					};
				};
			};
			buildConfigurationList = B19994D21A2C87EE00F7A884 /* Build configuration list for PBXProject "JHS" */;
			compatibilityVersion = "Xcode 3.2";
			developmentRegion = English;
			hasScannedForEncodings = 0;
			knownRegions = (
				en,
				Base,
			);
			mainGroup = B19994CE1A2C87EE00F7A884;
			productRefGroup = B19994D81A2C87EE00F7A884 /* Products */;
			projectDirPath = "";
			projectRoot = "";
			targets = (
				B19994D61A2C87EE00F7A884 /* JHS */,
				B19994EF1A2C87EF00F7A884 /* JHSTests */,
			);
		};
/* End PBXProject section */

/* Begin PBXResourcesBuildPhase section */
		B19994D51A2C87EE00F7A884 /* Resources */ = {
			isa = PBXResourcesBuildPhase;
			buildActionMask = 2147483647;
			files = (
				B19994E61A2C87EE00F7A884 /* Main.storyboard in Resources */,
				B19994EB1A2C87EF00F7A884 /* LaunchScreen.xib in Resources */,
				B19994E81A2C87EF00F7A884 /* Images.xcassets in Resources */,
			);
			runOnlyForDeploymentPostprocessing = 0;
		};
		B19994EE1A2C87EF00F7A884 /* Resources */ = {
			isa = PBXResourcesBuildPhase;
			buildActionMask = 2147483647;
			files = (
			);
			runOnlyForDeploymentPostprocessing = 0;
		};
/* End PBXResourcesBuildPhase section */

/* Begin PBXSourcesBuildPhase section */
		B19994D31A2C87EE00F7A884 /* Sources */ = {
			isa = PBXSourcesBuildPhase;
			buildActionMask = 2147483647;
			files = (
				B19994DF1A2C87EE00F7A884 /* RootViewController.swift in Sources */,
				B19994E31A2C87EE00F7A884 /* ModelController.swift in Sources */,
				B19994E11A2C87EE00F7A884 /* DataViewController.swift in Sources */,
				B19994DD1A2C87EE00F7A884 /* AppDelegate.swift in Sources */,
			);
			runOnlyForDeploymentPostprocessing = 0;
		};
		B19994EC1A2C87EF00F7A884 /* Sources */ = {
			isa = PBXSourcesBuildPhase;
			buildActionMask = 2147483647;
			files = (
				B19994F71A2C87EF00F7A884 /* JHSTests.swift in Sources */,
			);
			runOnlyForDeploymentPostprocessing = 0;
		};
/* End PBXSourcesBuildPhase section */

/* Begin PBXTargetDependency section */
		B19994F21A2C87EF00F7A884 /* PBXTargetDependency */ = {
			isa = PBXTargetDependency;
			target = B19994D61A2C87EE00F7A884 /* JHS */;
			targetProxy = B19994F11A2C87EF00F7A884 /* PBXContainerItemProxy */;
		};
/* End PBXTargetDependency section */

/* Begin PBXVariantGroup section */
		B19994E41A2C87EE00F7A884 /* Main.storyboard */ = {
			isa = PBXVariantGroup;
			children = (
				B19994E51A2C87EE00F7A884 /* Base */,
			);
			name = Main.storyboard;
			sourceTree = "<group>";
		};
		B19994E91A2C87EF00F7A884 /* LaunchScreen.xib */ = {
			isa = PBXVariantGroup;
			children = (
				B19994EA1A2C87EF00F7A884 /* Base */,
			);
			name = LaunchScreen.xib;
			sourceTree = "<group>";
		};
/* End PBXVariantGroup section */

/* Begin XCBuildConfiguration section */
		B19994F81A2C87EF00F7A884 /* Debug */ = {
			isa = XCBuildConfiguration;
			buildSettings = {
				ALWAYS_SEARCH_USER_PATHS = NO;
				CLANG_CXX_LANGUAGE_STANDARD = "gnu++0x";
				CLANG_CXX_LIBRARY = "libc++";
				CLANG_ENABLE_MODULES = YES;
				CLANG_ENABLE_OBJC_ARC = YES;
				CLANG_WARN_BOOL_CONVERSION = YES;
				CLANG_WARN_CONSTANT_CONVERSION = YES;
				CLANG_WARN_DIRECT_OBJC_ISA_USAGE = YES_ERROR;
				CLANG_WARN_EMPTY_BODY = YES;
				CLANG_WARN_ENUM_CONVERSION = YES;
				CLANG_WARN_INT_CONVERSION = YES;
				CLANG_WARN_OBJC_ROOT_CLASS = YES_ERROR;
				CLANG_WARN_UNREACHABLE_CODE = YES;
				CLANG_WARN__DUPLICATE_METHOD_MATCH = YES;
				"CODE_SIGN_IDENTITY[sdk=iphoneos*]" = "iPhone Developer";
				COPY_PHASE_STRIP = NO;
				ENABLE_STRICT_OBJC_MSGSEND = YES;
				GCC_C_LANGUAGE_STANDARD = gnu99;
				GCC_DYNAMIC_NO_PIC = NO;
				GCC_OPTIMIZATION_LEVEL = 0;
				GCC_PREPROCESSOR_DEFINITIONS = (
					"DEBUG=1",
					"$(inherited)",
				);
				GCC_SYMBOLS_PRIVATE_EXTERN = NO;
				GCC_WARN_64_TO_32_BIT_CONVERSION = YES;
				GCC_WARN_ABOUT_RETURN_TYPE = YES_ERROR;
				GCC_WARN_UNDECLARED_SELECTOR = YES;
				GCC_WARN_UNINITIALIZED_AUTOS = YES_AGGRESSIVE;
				GCC_WARN_UNUSED_FUNCTION = YES;
				GCC_WARN_UNUSED_VARIABLE = YES;
				IPHONEOS_DEPLOYMENT_TARGET = 8.1;
				MTL_ENABLE_DEBUG_INFO = YES;
				ONLY_ACTIVE_ARCH = YES;
				SDKROOT = iphoneos;
				SWIFT_OPTIMIZATION_LEVEL = "-Onone";
				TARGETED_DEVICE_FAMILY = "1,2";
			};
			name = Debug;
		};
		B19994F91A2C87EF00F7A884 /* Release */ = {
			isa = XCBuildConfiguration;
			buildSettings = {
				ALWAYS_SEARCH_USER_PATHS = NO;
				CLANG_CXX_LANGUAGE_STANDARD = "gnu++0x";
				CLANG_CXX_LIBRARY = "libc++";
				CLANG_ENABLE_MODULES = YES;
				CLANG_ENABLE_OBJC_ARC = YES;
				CLANG_WARN_BOOL_CONVERSION = YES;
				CLANG_WARN_CONSTANT_CONVERSION = YES;
				CLANG_WARN_DIRECT_OBJC_ISA_USAGE = YES_ERROR;
				CLANG_WARN_EMPTY_BODY = YES;
				CLANG_WARN_ENUM_CONVERSION = YES;
				CLANG_WARN_INT_CONVERSION = YES;
				CLANG_WARN_OBJC_ROOT_CLASS = YES_ERROR;
				CLANG_WARN_UNREACHABLE_CODE = YES;
				CLANG_WARN__DUPLICATE_METHOD_MATCH = YES;
				"CODE_SIGN_IDENTITY[sdk=iphoneos*]" = "iPhone Developer";
				COPY_PHASE_STRIP = YES;
				ENABLE_NS_ASSERTIONS = NO;
				ENABLE_STRICT_OBJC_MSGSEND = YES;
				GCC_C_LANGUAGE_STANDARD = gnu99;
				GCC_WARN_64_TO_32_BIT_CONVERSION = YES;
				GCC_WARN_ABOUT_RETURN_TYPE = YES_ERROR;
				GCC_WARN_UNDECLARED_SELECTOR = YES;
				GCC_WARN_UNINITIALIZED_AUTOS = YES_AGGRESSIVE;
				GCC_WARN_UNUSED_FUNCTION = YES;
				GCC_WARN_UNUSED_VARIABLE = YES;
				IPHONEOS_DEPLOYMENT_TARGET = 8.1;
				MTL_ENABLE_DEBUG_INFO = NO;
				SDKROOT = iphoneos;
				TARGETED_DEVICE_FAMILY = "1,2";
				VALIDATE_PRODUCT = YES;
			};
			name = Release;
		};
		B19994FB1A2C87EF00F7A884 /* Debug */ = {
			isa = XCBuildConfiguration;
			buildSettings = {
				ASSETCATALOG_COMPILER_APPICON_NAME = AppIcon;
				INFOPLIST_FILE = JHS/Info.plist;
				LD_RUNPATH_SEARCH_PATHS = "$(inherited) @executable_path/Frameworks";
				PRODUCT_NAME = "$(TARGET_NAME)";
			};
			name = Debug;
		};
		B19994FC1A2C87EF00F7A884 /* Release */ = {
			isa = XCBuildConfiguration;
			buildSettings = {
				ASSETCATALOG_COMPILER_APPICON_NAME = AppIcon;
				INFOPLIST_FILE = JHS/Info.plist;
				LD_RUNPATH_SEARCH_PATHS = "$(inherited) @executable_path/Frameworks";
				PRODUCT_NAME = "$(TARGET_NAME)";
			};
			name = Release;
		};
		B19994FE1A2C87EF00F7A884 /* Debug */ = {
			isa = XCBuildConfiguration;
			buildSettings = {
				BUNDLE_LOADER = "$(TEST_HOST)";
				FRAMEWORK_SEARCH_PATHS = (
					"$(SDKROOT)/Developer/Library/Frameworks",
					"$(inherited)",
				);
				GCC_PREPROCESSOR_DEFINITIONS = (
					"DEBUG=1",
					"$(inherited)",
				);
				INFOPLIST_FILE = JHSTests/Info.plist;
				LD_RUNPATH_SEARCH_PATHS = "$(inherited) @executable_path/Frameworks @loader_path/Frameworks";
				PRODUCT_NAME = "$(TARGET_NAME)";
				TEST_HOST = "$(BUILT_PRODUCTS_DIR)/JHS.app/JHS";
			};
			name = Debug;
		};
		B19994FF1A2C87EF00F7A884 /* Release */ = {
			isa = XCBuildConfiguration;
			buildSettings = {
				BUNDLE_LOADER = "$(TEST_HOST)";
				FRAMEWORK_SEARCH_PATHS = (
					"$(SDKROOT)/Developer/Library/Frameworks",
					"$(inherited)",
				);
				INFOPLIST_FILE = JHSTests/Info.plist;
				LD_RUNPATH_SEARCH_PATHS = "$(inherited) @executable_path/Frameworks @loader_path/Frameworks";
				PRODUCT_NAME = "$(TARGET_NAME)";
				TEST_HOST = "$(BUILT_PRODUCTS_DIR)/JHS.app/JHS";
			};
			name = Release;
		};
/* End XCBuildConfiguration section */

/* Begin XCConfigurationList section */
		B19994D21A2C87EE00F7A884 /* Build configuration list for PBXProject "JHS" */ = {
			isa = XCConfigurationList;
			buildConfigurations = (
				B19994F81A2C87EF00F7A884 /* Debug */,
				B19994F91A2C87EF00F7A884 /* Release */,
			);
			defaultConfigurationIsVisible = 0;
			defaultConfigurationName = Release;
		};
		B19994FA1A2C87EF00F7A884 /* Build configuration list for PBXNativeTarget "JHS" */ = {
			isa = XCConfigurationList;
			buildConfigurations = (
				B19994FB1A2C87EF00F7A884 /* Debug */,
				B19994FC1A2C87EF00F7A884 /* Release */,
			);
			defaultConfigurationIsVisible = 0;
		};
		B19994FD1A2C87EF00F7A884 /* Build configuration list for PBXNativeTarget "JHSTests" */ = {
			isa = XCConfigurationList;
			buildConfigurations = (
				B19994FE1A2C87EF00F7A884 /* Debug */,
				B19994FF1A2C87EF00F7A884 /* Release */,
			);
			defaultConfigurationIsVisible = 0;
		};
/* End XCConfigurationList section */
	};
	rootObject = B19994CF1A2C87EE00F7A884 /* Project object */;
}
